
Microsoft Visual Studio Solution File, Format Version 12.00
# Visual Studio 14
VisualStudioVersion = 14.0.25420.1
MinimumVisualStudioVersion = 10.0.40219.1
Project("{2150E333-8FDC-42A3-9474-1A3956D46DE8}") = "src", "src", "{A321168A-8AB7-4793-A10E-526D474D33F0}"
EndProject
Project("{2150E333-8FDC-42A3-9474-1A3956D46DE8}") = "Solution Items", "Solution Items", "{C5330108-494E-4DDF-AC93-C12D5D3CC4D2}"
	ProjectSection(SolutionItems) = preProject
		global.json = global.json
	EndProjectSection
EndProject
Project("{8BB2217D-0F2D-49D1-97BC-3654ED321F3B}") = "Fonour.MVC", "src\Fonour.MVC\Fonour.MVC.xproj", "{5301DCE9-BDD2-42EC-BBBD-4E16F15888B2}"
EndProject
Project("{2150E333-8FDC-42A3-9474-1A3956D46DE8}") = "01.Presentation", "01.Presentation", "{F3055B88-7F70-4937-BF42-4E45DB05DD7A}"
EndProject
Project("{2150E333-8FDC-42A3-9474-1A3956D46DE8}") = "02.Application", "02.Application", "{E18CF194-27D9-4AFF-A5EE-346ACF590487}"
EndProject
Project("{2150E333-8FDC-42A3-9474-1A3956D46DE8}") = "03.Domain", "03.Domain", "{CADCD4E6-F86D-4871-877C-E7F05AC5A6C3}"
EndProject
Project("{2150E333-8FDC-42A3-9474-1A3956D46DE8}") = "04.Infrastructure", "04.Infrastructure", "{67619B5F-F27C-4022-BD75-DFE5C75D3A64}"
EndProject
Project("{8BB2217D-0F2D-49D1-97BC-3654ED321F3B}") = "Fonour.Domain", "Fonour.Domain\Fonour.Domain.xproj", "{BEED2F9E-3951-43E9-95E7-44C0F2E485E3}"
EndProject
Project("{8BB2217D-0F2D-49D1-97BC-3654ED321F3B}") = "Fonour.Application", "Fonour.Application\Fonour.Application.xproj", "{EB3E9353-2CF8-44C8-A999-9DE02DAF3567}"
EndProject
Global
	GlobalSection(SolutionConfigurationPlatforms) = preSolution
		Debug|Any CPU = Debug|Any CPU
		Release|Any CPU = Release|Any CPU
	EndGlobalSection
	GlobalSection(ProjectConfigurationPlatforms) = postSolution
		{5301DCE9-BDD2-42EC-BBBD-4E16F15888B2}.Debug|Any CPU.ActiveCfg = Debug|Any CPU
		{5301DCE9-BDD2-42EC-BBBD-4E16F15888B2}.Debug|Any CPU.Build.0 = Debug|Any CPU
		{5301DCE9-BDD2-42EC-BBBD-4E16F15888B2}.Release|Any CPU.ActiveCfg = Release|Any CPU
		{5301DCE9-BDD2-42EC-BBBD-4E16F15888B2}.Release|Any CPU.Build.0 = Release|Any CPU
		{BEED2F9E-3951-43E9-95E7-44C0F2E485E3}.Debug|Any CPU.ActiveCfg = Debug|Any CPU
		{BEED2F9E-3951-43E9-95E7-44C0F2E485E3}.Debug|Any CPU.Build.0 = Debug|Any CPU
		{BEED2F9E-3951-43E9-95E7-44C0F2E485E3}.Release|Any CPU.ActiveCfg = Release|Any CPU
		{BEED2F9E-3951-43E9-95E7-44C0F2E485E3}.Release|Any CPU.Build.0 = Release|Any CPU
		{EB3E9353-2CF8-44C8-A999-9DE02DAF3567}.Debug|Any CPU.ActiveCfg = Debug|Any CPU
		{EB3E9353-2CF8-44C8-A999-9DE02DAF3567}.Debug|Any CPU.Build.0 = Debug|Any CPU
		{EB3E9353-2CF8-44C8-A999-9DE02DAF3567}.Release|Any CPU.ActiveCfg = Release|Any CPU
		{EB3E9353-2CF8-44C8-A999-9DE02DAF3567}.Release|Any CPU.Build.0 = Release|Any CPU
	EndGlobalSection
	GlobalSection(SolutionProperties) = preSolution
		HideSolutionNode = FALSE
	EndGlobalSection
	GlobalSection(NestedProjects) = preSolution
		{5301DCE9-BDD2-42EC-BBBD-4E16F15888B2} = {F3055B88-7F70-4937-BF42-4E45DB05DD7A}
		{F3055B88-7F70-4937-BF42-4E45DB05DD7A} = {A321168A-8AB7-4793-A10E-526D474D33F0}
		{E18CF194-27D9-4AFF-A5EE-346ACF590487} = {A321168A-8AB7-4793-A10E-526D474D33F0}
		{CADCD4E6-F86D-4871-877C-E7F05AC5A6C3} = {A321168A-8AB7-4793-A10E-526D474D33F0}
		{67619B5F-F27C-4022-BD75-DFE5C75D3A64} = {A321168A-8AB7-4793-A10E-526D474D33F0}
		{BEED2F9E-3951-43E9-95E7-44C0F2E485E3} = {CADCD4E6-F86D-4871-877C-E7F05AC5A6C3}
		{EB3E9353-2CF8-44C8-A999-9DE02DAF3567} = {E18CF194-27D9-4AFF-A5EE-346ACF590487}
	EndGlobalSection
EndGlobal
